
Microsoft Visual Studio Solution File, Format Version 12.00
# Visual Studio Version 17
VisualStudioVersion = 17.4.33122.133
MinimumVisualStudioVersion = 10.0.40219.1
Project("{FAE04EC0-301F-11D3-BF4B-00C04F79EFBC}") = "CarlosAugusto.Gute.Plugins", "CarlosAugusto.Gute.Plugins\CarlosAugusto.Gute.Plugins.csproj", "{80069DD6-348D-4891-A5B7-A5676C0242AB}"
EndProject
Global
	GlobalSection(SolutionConfigurationPlatforms) = preSolution
		Debug|Any CPU = Debug|Any CPU
		Release|Any CPU = Release|Any CPU
	EndGlobalSection
	GlobalSection(ProjectConfigurationPlatforms) = postSolution
		{80069DD6-348D-4891-A5B7-A5676C0242AB}.Debug|Any CPU.ActiveCfg = Debug|Any CPU
		{80069DD6-348D-4891-A5B7-A5676C0242AB}.Debug|Any CPU.Build.0 = Debug|Any CPU
		{80069DD6-348D-4891-A5B7-A5676C0242AB}.Release|Any CPU.ActiveCfg = Release|Any CPU
		{80069DD6-348D-4891-A5B7-A5676C0242AB}.Release|Any CPU.Build.0 = Release|Any CPU
	EndGlobalSection
	GlobalSection(SolutionProperties) = preSolution
		HideSolutionNode = FALSE
	EndGlobalSection
	GlobalSection(ExtensibilityGlobals) = postSolution
		SolutionGuid = {ACD004F3-FC59-405D-8324-54FCA8C2908F}
	EndGlobalSection
EndGlobal
